
Microsoft Visual Studio Solution File, Format Version 11.00
# Visual Studio 2010
Project("{FAE04EC0-301F-11D3-BF4B-00C04F79EFBC}") = "nose", "nose\nose.csproj", "{9336861B-7D3F-44BF-8779-AC52083728EB}"
EndProject
Global
	GlobalSection(SolutionConfigurationPlatforms) = preSolution
		Debug|Any CPU = Debug|Any CPU
		Release|Any CPU = Release|Any CPU
	EndGlobalSection
	GlobalSection(ProjectConfigurationPlatforms) = postSolution
		{9336861B-7D3F-44BF-8779-AC52083728EB}.Debug|Any CPU.ActiveCfg = Debug|Any CPU
		{9336861B-7D3F-44BF-8779-AC52083728EB}.Debug|Any CPU.Build.0 = Debug|Any CPU
		{9336861B-7D3F-44BF-8779-AC52083728EB}.Release|Any CPU.ActiveCfg = Release|Any CPU
		{9336861B-7D3F-44BF-8779-AC52083728EB}.Release|Any CPU.Build.0 = Release|Any CPU
	EndGlobalSection
	GlobalSection(SolutionProperties) = preSolution
		HideSolutionNode = FALSE
	EndGlobalSection
EndGlobal
